
Microsoft Visual Studio Solution File, Format Version 12.00
# Visual Studio Version 17
VisualStudioVersion = 17.7.34003.232
MinimumVisualStudioVersion = 10.0.40219.1
Project("{2150E333-8FDC-42A3-9474-1A3956D46DE8}") = "src", "src", "{AFAA0841-BD93-466F-B8F4-FB4EEC86F1FC}"
EndProject
Project("{2150E333-8FDC-42A3-9474-1A3956D46DE8}") = "test", "test", "{F10AA149-2626-486E-85BB-9CD5365F3016}"
EndProject
Project("{9A19103F-16F7-4668-BE54-9A1E7A4F7556}") = "MalamuleleHealth.Core", "src\MalamuleleHealth.Core\MalamuleleHealth.Core.csproj", "{0FA75A5B-AB83-4FD0-B545-279774C01E87}"
EndProject
Project("{9A19103F-16F7-4668-BE54-9A1E7A4F7556}") = "MalamuleleHealth.Application", "src\MalamuleleHealth.Application\MalamuleleHealth.Application.csproj", "{3870C648-4AEA-4B85-BA3F-F2F63B96136A}"
EndProject
Project("{9A19103F-16F7-4668-BE54-9A1E7A4F7556}") = "MalamuleleHealth.Tests", "test\MalamuleleHealth.Tests\MalamuleleHealth.Tests.csproj", "{0D4C5D00-C144-4213-A007-4B8944113AB1}"
EndProject
Project("{9A19103F-16F7-4668-BE54-9A1E7A4F7556}") = "MalamuleleHealth.Migrator", "src\MalamuleleHealth.Migrator\MalamuleleHealth.Migrator.csproj", "{880B3591-E057-46FE-B525-10BD83828B93}"
EndProject
Project("{9A19103F-16F7-4668-BE54-9A1E7A4F7556}") = "MalamuleleHealth.Web.Host", "src\MalamuleleHealth.Web.Host\MalamuleleHealth.Web.Host.csproj", "{38E184BD-E874-4633-A947-AED4FDB73F40}"
EndProject
Project("{9A19103F-16F7-4668-BE54-9A1E7A4F7556}") = "MalamuleleHealth.Web.Core", "src\MalamuleleHealth.Web.Core\MalamuleleHealth.Web.Core.csproj", "{22CFE0D2-8DCA-42D7-AD7D-784C3862493F}"
EndProject
Project("{9A19103F-16F7-4668-BE54-9A1E7A4F7556}") = "MalamuleleHealth.EntityFrameworkCore", "src\MalamuleleHealth.EntityFrameworkCore\MalamuleleHealth.EntityFrameworkCore.csproj", "{E0580562-F8F2-4EBB-B07A-ABFC6F2C314F}"
EndProject
Project("{2150E333-8FDC-42A3-9474-1A3956D46DE8}") = "V2", "V2", "{2BC10C89-EE1A-4798-9DE9-FF82678C9FEF}"
EndProject
Project("{9A19103F-16F7-4668-BE54-9A1E7A4F7556}") = "MalamuleleHealth.Web", "MalamuleleHealth.Web\MalamuleleHealth.Web.csproj", "{86411CD2-00A5-423D-9409-7262DB64882E}"
EndProject
Project("{9A19103F-16F7-4668-BE54-9A1E7A4F7556}") = "DataInterface", "DataInterface\DataInterface.csproj", "{E686FF55-EED4-4D0E-8814-CDCEEBD2ADCF}"
EndProject
Project("{9A19103F-16F7-4668-BE54-9A1E7A4F7556}") = "MalamuleleHealth.EFCore", "MalamuleleHealth.EFCore\MalamuleleHealth.EFCore.csproj", "{9A7A3547-FE82-43DB-B436-92E298E22AA7}"
EndProject
Project("{FAE04EC0-301F-11D3-BF4B-00C04F79EFBC}") = "MalamuleleHealth.Application", "MalamuleleHealth.Application\MalamuleleHealth.Application.csproj", "{8ECA31DC-C30A-4FCA-901D-98863FE6D300}"
EndProject
Global
	GlobalSection(SolutionConfigurationPlatforms) = preSolution
		Debug|Any CPU = Debug|Any CPU
		Release|Any CPU = Release|Any CPU
	EndGlobalSection
	GlobalSection(ProjectConfigurationPlatforms) = postSolution
		{0FA75A5B-AB83-4FD0-B545-279774C01E87}.Debug|Any CPU.ActiveCfg = Debug|Any CPU
		{0FA75A5B-AB83-4FD0-B545-279774C01E87}.Debug|Any CPU.Build.0 = Debug|Any CPU
		{0FA75A5B-AB83-4FD0-B545-279774C01E87}.Release|Any CPU.ActiveCfg = Release|Any CPU
		{0FA75A5B-AB83-4FD0-B545-279774C01E87}.Release|Any CPU.Build.0 = Release|Any CPU
		{3870C648-4AEA-4B85-BA3F-F2F63B96136A}.Debug|Any CPU.ActiveCfg = Debug|Any CPU
		{3870C648-4AEA-4B85-BA3F-F2F63B96136A}.Debug|Any CPU.Build.0 = Debug|Any CPU
		{3870C648-4AEA-4B85-BA3F-F2F63B96136A}.Release|Any CPU.ActiveCfg = Release|Any CPU
		{3870C648-4AEA-4B85-BA3F-F2F63B96136A}.Release|Any CPU.Build.0 = Release|Any CPU
		{0D4C5D00-C144-4213-A007-4B8944113AB1}.Debug|Any CPU.ActiveCfg = Debug|Any CPU
		{0D4C5D00-C144-4213-A007-4B8944113AB1}.Debug|Any CPU.Build.0 = Debug|Any CPU
		{0D4C5D00-C144-4213-A007-4B8944113AB1}.Release|Any CPU.ActiveCfg = Release|Any CPU
		{0D4C5D00-C144-4213-A007-4B8944113AB1}.Release|Any CPU.Build.0 = Release|Any CPU
		{880B3591-E057-46FE-B525-10BD83828B93}.Debug|Any CPU.ActiveCfg = Debug|Any CPU
		{880B3591-E057-46FE-B525-10BD83828B93}.Debug|Any CPU.Build.0 = Debug|Any CPU
		{880B3591-E057-46FE-B525-10BD83828B93}.Release|Any CPU.ActiveCfg = Release|Any CPU
		{880B3591-E057-46FE-B525-10BD83828B93}.Release|Any CPU.Build.0 = Release|Any CPU
		{38E184BD-E874-4633-A947-AED4FDB73F40}.Debug|Any CPU.ActiveCfg = Debug|Any CPU
		{38E184BD-E874-4633-A947-AED4FDB73F40}.Debug|Any CPU.Build.0 = Debug|Any CPU
		{38E184BD-E874-4633-A947-AED4FDB73F40}.Release|Any CPU.ActiveCfg = Release|Any CPU
		{38E184BD-E874-4633-A947-AED4FDB73F40}.Release|Any CPU.Build.0 = Release|Any CPU
		{22CFE0D2-8DCA-42D7-AD7D-784C3862493F}.Debug|Any CPU.ActiveCfg = Debug|Any CPU
		{22CFE0D2-8DCA-42D7-AD7D-784C3862493F}.Debug|Any CPU.Build.0 = Debug|Any CPU
		{22CFE0D2-8DCA-42D7-AD7D-784C3862493F}.Release|Any CPU.ActiveCfg = Release|Any CPU
		{22CFE0D2-8DCA-42D7-AD7D-784C3862493F}.Release|Any CPU.Build.0 = Release|Any CPU
		{E0580562-F8F2-4EBB-B07A-ABFC6F2C314F}.Debug|Any CPU.ActiveCfg = Debug|Any CPU
		{E0580562-F8F2-4EBB-B07A-ABFC6F2C314F}.Debug|Any CPU.Build.0 = Debug|Any CPU
		{E0580562-F8F2-4EBB-B07A-ABFC6F2C314F}.Release|Any CPU.ActiveCfg = Release|Any CPU
		{E0580562-F8F2-4EBB-B07A-ABFC6F2C314F}.Release|Any CPU.Build.0 = Release|Any CPU
		{86411CD2-00A5-423D-9409-7262DB64882E}.Debug|Any CPU.ActiveCfg = Debug|Any CPU
		{86411CD2-00A5-423D-9409-7262DB64882E}.Debug|Any CPU.Build.0 = Debug|Any CPU
		{86411CD2-00A5-423D-9409-7262DB64882E}.Release|Any CPU.ActiveCfg = Release|Any CPU
		{86411CD2-00A5-423D-9409-7262DB64882E}.Release|Any CPU.Build.0 = Release|Any CPU
		{E686FF55-EED4-4D0E-8814-CDCEEBD2ADCF}.Debug|Any CPU.ActiveCfg = Debug|Any CPU
		{E686FF55-EED4-4D0E-8814-CDCEEBD2ADCF}.Debug|Any CPU.Build.0 = Debug|Any CPU
		{E686FF55-EED4-4D0E-8814-CDCEEBD2ADCF}.Release|Any CPU.ActiveCfg = Release|Any CPU
		{E686FF55-EED4-4D0E-8814-CDCEEBD2ADCF}.Release|Any CPU.Build.0 = Release|Any CPU
		{9A7A3547-FE82-43DB-B436-92E298E22AA7}.Debug|Any CPU.ActiveCfg = Debug|Any CPU
		{9A7A3547-FE82-43DB-B436-92E298E22AA7}.Debug|Any CPU.Build.0 = Debug|Any CPU
		{9A7A3547-FE82-43DB-B436-92E298E22AA7}.Release|Any CPU.ActiveCfg = Release|Any CPU
		{9A7A3547-FE82-43DB-B436-92E298E22AA7}.Release|Any CPU.Build.0 = Release|Any CPU
		{8ECA31DC-C30A-4FCA-901D-98863FE6D300}.Debug|Any CPU.ActiveCfg = Debug|Any CPU
		{8ECA31DC-C30A-4FCA-901D-98863FE6D300}.Debug|Any CPU.Build.0 = Debug|Any CPU
		{8ECA31DC-C30A-4FCA-901D-98863FE6D300}.Release|Any CPU.ActiveCfg = Release|Any CPU
		{8ECA31DC-C30A-4FCA-901D-98863FE6D300}.Release|Any CPU.Build.0 = Release|Any CPU
	EndGlobalSection
	GlobalSection(SolutionProperties) = preSolution
		HideSolutionNode = FALSE
	EndGlobalSection
	GlobalSection(NestedProjects) = preSolution
		{0FA75A5B-AB83-4FD0-B545-279774C01E87} = {AFAA0841-BD93-466F-B8F4-FB4EEC86F1FC}
		{3870C648-4AEA-4B85-BA3F-F2F63B96136A} = {AFAA0841-BD93-466F-B8F4-FB4EEC86F1FC}
		{0D4C5D00-C144-4213-A007-4B8944113AB1} = {F10AA149-2626-486E-85BB-9CD5365F3016}
		{880B3591-E057-46FE-B525-10BD83828B93} = {AFAA0841-BD93-466F-B8F4-FB4EEC86F1FC}
		{38E184BD-E874-4633-A947-AED4FDB73F40} = {AFAA0841-BD93-466F-B8F4-FB4EEC86F1FC}
		{22CFE0D2-8DCA-42D7-AD7D-784C3862493F} = {AFAA0841-BD93-466F-B8F4-FB4EEC86F1FC}
		{E0580562-F8F2-4EBB-B07A-ABFC6F2C314F} = {AFAA0841-BD93-466F-B8F4-FB4EEC86F1FC}
		{2BC10C89-EE1A-4798-9DE9-FF82678C9FEF} = {AFAA0841-BD93-466F-B8F4-FB4EEC86F1FC}
		{86411CD2-00A5-423D-9409-7262DB64882E} = {2BC10C89-EE1A-4798-9DE9-FF82678C9FEF}
		{E686FF55-EED4-4D0E-8814-CDCEEBD2ADCF} = {2BC10C89-EE1A-4798-9DE9-FF82678C9FEF}
		{9A7A3547-FE82-43DB-B436-92E298E22AA7} = {2BC10C89-EE1A-4798-9DE9-FF82678C9FEF}
		{8ECA31DC-C30A-4FCA-901D-98863FE6D300} = {2BC10C89-EE1A-4798-9DE9-FF82678C9FEF}
	EndGlobalSection
	GlobalSection(ExtensibilityGlobals) = postSolution
		SolutionGuid = {9A55C749-0BFF-4EFD-8499-12A2CB3B5B07}
	EndGlobalSection
EndGlobal
